
Microsoft Visual Studio Solution File, Format Version 12.00
# Visual Studio Version 17
VisualStudioVersion = 17.5.33516.290
MinimumVisualStudioVersion = 10.0.40219.1
Project("{FAE04EC0-301F-11D3-BF4B-00C04F79EFBC}") = "FOne_MobileApp.Android", "FOne_MobileApp\FOne_MobileApp.Android\FOne_MobileApp.Android.csproj", "{06742BB9-75EE-4BCC-B41C-811D7959D764}"
EndProject
Project("{FAE04EC0-301F-11D3-BF4B-00C04F79EFBC}") = "FOne_MobileApp.iOS", "FOne_MobileApp\FOne_MobileApp.iOS\FOne_MobileApp.iOS.csproj", "{3A821274-5180-45B5-BD93-8D8E6FD2B0C8}"
EndProject
Project("{9A19103F-16F7-4668-BE54-9A1E7A4F7556}") = "FOne_MobileApp", "FOne_MobileApp\FOne_MobileApp\FOne_MobileApp.csproj", "{F625F4CB-61A3-4093-B743-E6DE50C2BEB0}"
EndProject
Global
	GlobalSection(SolutionConfigurationPlatforms) = preSolution
		Debug|Any CPU = Debug|Any CPU
		Debug|iPhone = Debug|iPhone
		Debug|iPhoneSimulator = Debug|iPhoneSimulator
		Release|Any CPU = Release|Any CPU
		Release|iPhone = Release|iPhone
		Release|iPhoneSimulator = Release|iPhoneSimulator
	EndGlobalSection
	GlobalSection(ProjectConfigurationPlatforms) = postSolution
		{06742BB9-75EE-4BCC-B41C-811D7959D764}.Debug|Any CPU.ActiveCfg = Debug|Any CPU
		{06742BB9-75EE-4BCC-B41C-811D7959D764}.Debug|Any CPU.Build.0 = Debug|Any CPU
		{06742BB9-75EE-4BCC-B41C-811D7959D764}.Debug|Any CPU.Deploy.0 = Debug|Any CPU
		{06742BB9-75EE-4BCC-B41C-811D7959D764}.Debug|iPhone.ActiveCfg = Debug|Any CPU
		{06742BB9-75EE-4BCC-B41C-811D7959D764}.Debug|iPhone.Build.0 = Debug|Any CPU
		{06742BB9-75EE-4BCC-B41C-811D7959D764}.Debug|iPhone.Deploy.0 = Debug|Any CPU
		{06742BB9-75EE-4BCC-B41C-811D7959D764}.Debug|iPhoneSimulator.ActiveCfg = Debug|Any CPU
		{06742BB9-75EE-4BCC-B41C-811D7959D764}.Debug|iPhoneSimulator.Build.0 = Debug|Any CPU
		{06742BB9-75EE-4BCC-B41C-811D7959D764}.Debug|iPhoneSimulator.Deploy.0 = Debug|Any CPU
		{06742BB9-75EE-4BCC-B41C-811D7959D764}.Release|Any CPU.ActiveCfg = Release|Any CPU
		{06742BB9-75EE-4BCC-B41C-811D7959D764}.Release|Any CPU.Build.0 = Release|Any CPU
		{06742BB9-75EE-4BCC-B41C-811D7959D764}.Release|Any CPU.Deploy.0 = Release|Any CPU
		{06742BB9-75EE-4BCC-B41C-811D7959D764}.Release|iPhone.ActiveCfg = Release|Any CPU
		{06742BB9-75EE-4BCC-B41C-811D7959D764}.Release|iPhone.Build.0 = Release|Any CPU
		{06742BB9-75EE-4BCC-B41C-811D7959D764}.Release|iPhone.Deploy.0 = Release|Any CPU
		{06742BB9-75EE-4BCC-B41C-811D7959D764}.Release|iPhoneSimulator.ActiveCfg = Release|Any CPU
		{06742BB9-75EE-4BCC-B41C-811D7959D764}.Release|iPhoneSimulator.Build.0 = Release|Any CPU
		{06742BB9-75EE-4BCC-B41C-811D7959D764}.Release|iPhoneSimulator.Deploy.0 = Release|Any CPU
		{3A821274-5180-45B5-BD93-8D8E6FD2B0C8}.Debug|Any CPU.ActiveCfg = Debug|iPhone
		{3A821274-5180-45B5-BD93-8D8E6FD2B0C8}.Debug|Any CPU.Build.0 = Debug|iPhone
		{3A821274-5180-45B5-BD93-8D8E6FD2B0C8}.Debug|Any CPU.Deploy.0 = Debug|iPhone
		{3A821274-5180-45B5-BD93-8D8E6FD2B0C8}.Debug|iPhone.ActiveCfg = Debug|iPhone
		{3A821274-5180-45B5-BD93-8D8E6FD2B0C8}.Debug|iPhone.Build.0 = Debug|iPhone
		{3A821274-5180-45B5-BD93-8D8E6FD2B0C8}.Debug|iPhone.Deploy.0 = Debug|iPhone
		{3A821274-5180-45B5-BD93-8D8E6FD2B0C8}.Debug|iPhoneSimulator.ActiveCfg = Debug|iPhoneSimulator
		{3A821274-5180-45B5-BD93-8D8E6FD2B0C8}.Debug|iPhoneSimulator.Build.0 = Debug|iPhoneSimulator
		{3A821274-5180-45B5-BD93-8D8E6FD2B0C8}.Debug|iPhoneSimulator.Deploy.0 = Debug|iPhoneSimulator
		{3A821274-5180-45B5-BD93-8D8E6FD2B0C8}.Release|Any CPU.ActiveCfg = Release|iPhoneSimulator
		{3A821274-5180-45B5-BD93-8D8E6FD2B0C8}.Release|Any CPU.Build.0 = Release|iPhoneSimulator
		{3A821274-5180-45B5-BD93-8D8E6FD2B0C8}.Release|Any CPU.Deploy.0 = Release|iPhoneSimulator
		{3A821274-5180-45B5-BD93-8D8E6FD2B0C8}.Release|iPhone.ActiveCfg = Release|iPhone
		{3A821274-5180-45B5-BD93-8D8E6FD2B0C8}.Release|iPhone.Build.0 = Release|iPhone
		{3A821274-5180-45B5-BD93-8D8E6FD2B0C8}.Release|iPhone.Deploy.0 = Release|iPhone
		{3A821274-5180-45B5-BD93-8D8E6FD2B0C8}.Release|iPhoneSimulator.ActiveCfg = Release|iPhoneSimulator
		{3A821274-5180-45B5-BD93-8D8E6FD2B0C8}.Release|iPhoneSimulator.Build.0 = Release|iPhoneSimulator
		{3A821274-5180-45B5-BD93-8D8E6FD2B0C8}.Release|iPhoneSimulator.Deploy.0 = Release|iPhoneSimulator
		{F625F4CB-61A3-4093-B743-E6DE50C2BEB0}.Debug|Any CPU.ActiveCfg = Debug|Any CPU
		{F625F4CB-61A3-4093-B743-E6DE50C2BEB0}.Debug|Any CPU.Build.0 = Debug|Any CPU
		{F625F4CB-61A3-4093-B743-E6DE50C2BEB0}.Debug|Any CPU.Deploy.0 = Debug|Any CPU
		{F625F4CB-61A3-4093-B743-E6DE50C2BEB0}.Debug|iPhone.ActiveCfg = Debug|Any CPU
		{F625F4CB-61A3-4093-B743-E6DE50C2BEB0}.Debug|iPhone.Build.0 = Debug|Any CPU
		{F625F4CB-61A3-4093-B743-E6DE50C2BEB0}.Debug|iPhone.Deploy.0 = Debug|Any CPU
		{F625F4CB-61A3-4093-B743-E6DE50C2BEB0}.Debug|iPhoneSimulator.ActiveCfg = Debug|Any CPU
		{F625F4CB-61A3-4093-B743-E6DE50C2BEB0}.Debug|iPhoneSimulator.Build.0 = Debug|Any CPU
		{F625F4CB-61A3-4093-B743-E6DE50C2BEB0}.Debug|iPhoneSimulator.Deploy.0 = Debug|Any CPU
		{F625F4CB-61A3-4093-B743-E6DE50C2BEB0}.Release|Any CPU.ActiveCfg = Release|Any CPU
		{F625F4CB-61A3-4093-B743-E6DE50C2BEB0}.Release|Any CPU.Build.0 = Release|Any CPU
		{F625F4CB-61A3-4093-B743-E6DE50C2BEB0}.Release|Any CPU.Deploy.0 = Release|Any CPU
		{F625F4CB-61A3-4093-B743-E6DE50C2BEB0}.Release|iPhone.ActiveCfg = Release|Any CPU
		{F625F4CB-61A3-4093-B743-E6DE50C2BEB0}.Release|iPhone.Build.0 = Release|Any CPU
		{F625F4CB-61A3-4093-B743-E6DE50C2BEB0}.Release|iPhone.Deploy.0 = Release|Any CPU
		{F625F4CB-61A3-4093-B743-E6DE50C2BEB0}.Release|iPhoneSimulator.ActiveCfg = Release|Any CPU
		{F625F4CB-61A3-4093-B743-E6DE50C2BEB0}.Release|iPhoneSimulator.Build.0 = Release|Any CPU
		{F625F4CB-61A3-4093-B743-E6DE50C2BEB0}.Release|iPhoneSimulator.Deploy.0 = Release|Any CPU
	EndGlobalSection
	GlobalSection(SolutionProperties) = preSolution
		HideSolutionNode = FALSE
	EndGlobalSection
	GlobalSection(ExtensibilityGlobals) = postSolution
		SolutionGuid = {6C5FDB94-4FBA-440D-9DEA-DDA0D428BBDE}
	EndGlobalSection
EndGlobal
